// !$*UTF8*$!
{
	archiveVersion = 1;
	classes = {
	};
	objectVersion = 46;
	objects = {

/* Begin PBXBuildFile section */
		E4DC8A24D54DE3C39AB885C6 /* libPods-RunLoopInspection.a in Frameworks */ = {isa = PBXBuildFile; fileRef = C9F2DEC938E1A7599BD92D78 /* libPods-RunLoopInspection.a */; };
		EA15E00C1D879D4C00176643 /* main.m in Sources */ = {isa = PBXBuildFile; fileRef = EA15E00B1D879D4C00176643 /* main.m */; };
		EA15E00F1D879D4C00176643 /* AppDelegate.m in Sources */ = {isa = PBXBuildFile; fileRef = EA15E00E1D879D4C00176643 /* AppDelegate.m */; };
		EA15E0121D879D4C00176643 /* ViewController.m in Sources */ = {isa = PBXBuildFile; fileRef = EA15E0111D879D4C00176643 /* ViewController.m */; };
		EA15E0151D879D4C00176643 /* Main.storyboard in Resources */ = {isa = PBXBuildFile; fileRef = EA15E0131D879D4C00176643 /* Main.storyboard */; };
		EA15E0171D879D4C00176643 /* Assets.xcassets in Resources */ = {isa = PBXBuildFile; fileRef = EA15E0161D879D4C00176643 /* Assets.xcassets */; };
		EA15E01A1D879D4C00176643 /* LaunchScreen.storyboard in Resources */ = {isa = PBXBuildFile; fileRef = EA15E0181D879D4C00176643 /* LaunchScreen.storyboard */; };
		EA15E0251D87CF6D00176643 /* Inception.m in Sources */ = {isa = PBXBuildFile; fileRef = EA15E0241D87CF6D00176643 /* Inception.m */; };
/* End PBXBuildFile section */

/* Begin PBXFileReference section */
		104521E21A6DA747C92BF492 /* Pods-RunLoopInspection.release.xcconfig */ = {isa = PBXFileReference; includeInIndex = 1; lastKnownFileType = text.xcconfig; name = "Pods-RunLoopInspection.release.xcconfig"; path = "Pods/Target Support Files/Pods-RunLoopInspection/Pods-RunLoopInspection.release.xcconfig"; sourceTree = "<group>"; };
		B96DD30A5943A858AE5FB3A7 /* Pods-RunLoopInspection.debug.xcconfig */ = {isa = PBXFileReference; includeInIndex = 1; lastKnownFileType = text.xcconfig; name = "Pods-RunLoopInspection.debug.xcconfig"; path = "Pods/Target Support Files/Pods-RunLoopInspection/Pods-RunLoopInspection.debug.xcconfig"; sourceTree = "<group>"; };
		C9F2DEC938E1A7599BD92D78 /* libPods-RunLoopInspection.a */ = {isa = PBXFileReference; explicitFileType = archive.ar; includeInIndex = 0; path = "libPods-RunLoopInspection.a"; sourceTree = BUILT_PRODUCTS_DIR; };
		EA15E0071D879D4C00176643 /* RunLoopInspection.app */ = {isa = PBXFileReference; explicitFileType = wrapper.application; includeInIndex = 0; path = RunLoopInspection.app; sourceTree = BUILT_PRODUCTS_DIR; };
		EA15E00B1D879D4C00176643 /* main.m */ = {isa = PBXFileReference; lastKnownFileType = sourcecode.c.objc; path = main.m; sourceTree = "<group>"; };
		EA15E00D1D879D4C00176643 /* AppDelegate.h */ = {isa = PBXFileReference; lastKnownFileType = sourcecode.c.h; path = AppDelegate.h; sourceTree = "<group>"; };
		EA15E00E1D879D4C00176643 /* AppDelegate.m */ = {isa = PBXFileReference; lastKnownFileType = sourcecode.c.objc; path = AppDelegate.m; sourceTree = "<group>"; };
		EA15E0101D879D4C00176643 /* ViewController.h */ = {isa = PBXFileReference; lastKnownFileType = sourcecode.c.h; path = ViewController.h; sourceTree = "<group>"; };
		EA15E0111D879D4C00176643 /* ViewController.m */ = {isa = PBXFileReference; lastKnownFileType = sourcecode.c.objc; path = ViewController.m; sourceTree = "<group>"; };
		EA15E0141D879D4C00176643 /* Base */ = {isa = PBXFileReference; lastKnownFileType = file.storyboard; name = Base; path = Base.lproj/Main.storyboard; sourceTree = "<group>"; };
		EA15E0161D879D4C00176643 /* Assets.xcassets */ = {isa = PBXFileReference; lastKnownFileType = folder.assetcatalog; path = Assets.xcassets; sourceTree = "<group>"; };
		EA15E0191D879D4C00176643 /* Base */ = {isa = PBXFileReference; lastKnownFileType = file.storyboard; name = Base; path = Base.lproj/LaunchScreen.storyboard; sourceTree = "<group>"; };
		EA15E01B1D879D4C00176643 /* Info.plist */ = {isa = PBXFileReference; lastKnownFileType = text.plist.xml; path = Info.plist; sourceTree = "<group>"; };
		EA15E0231D87CF1900176643 /* Inception.h */ = {isa = PBXFileReference; lastKnownFileType = sourcecode.c.h; path = Inception.h; sourceTree = "<group>"; };
		EA15E0241D87CF6D00176643 /* Inception.m */ = {isa = PBXFileReference; fileEncoding = 4; lastKnownFileType = sourcecode.c.objc; path = Inception.m; sourceTree = "<group>"; };
/* End PBXFileReference section */

/* Begin PBXFrameworksBuildPhase section */
		EA15E0041D879D4C00176643 /* Frameworks */ = {
			isa = PBXFrameworksBuildPhase;
			buildActionMask = 2147483647;
			files = (
				E4DC8A24D54DE3C39AB885C6 /* libPods-RunLoopInspection.a in Frameworks */,
			);
			runOnlyForDeploymentPostprocessing = 0;
		};
/* End PBXFrameworksBuildPhase section */

/* Begin PBXGroup section */
		0E81E550A22EB0B0F039D08F /* Frameworks */ = {
			isa = PBXGroup;
			children = (
				C9F2DEC938E1A7599BD92D78 /* libPods-RunLoopInspection.a */,
			);
			name = Frameworks;
			sourceTree = "<group>";
		};
		A5BBA13694A7086B53801B09 /* Pods */ = {
			isa = PBXGroup;
			children = (
				B96DD30A5943A858AE5FB3A7 /* Pods-RunLoopInspection.debug.xcconfig */,
				104521E21A6DA747C92BF492 /* Pods-RunLoopInspection.release.xcconfig */,
			);
			name = Pods;
			sourceTree = "<group>";
		};
		EA15DFFE1D879D4C00176643 = {
			isa = PBXGroup;
			children = (
				EA15E0091D879D4C00176643 /* RunLoopInspection */,
				EA15E0081D879D4C00176643 /* Products */,
				A5BBA13694A7086B53801B09 /* Pods */,
				0E81E550A22EB0B0F039D08F /* Frameworks */,
			);
			sourceTree = "<group>";
		};
		EA15E0081D879D4C00176643 /* Products */ = {
			isa = PBXGroup;
			children = (
				EA15E0071D879D4C00176643 /* RunLoopInspection.app */,
			);
			name = Products;
			sourceTree = "<group>";
		};
		EA15E0091D879D4C00176643 /* RunLoopInspection */ = {
			isa = PBXGroup;
			children = (
				EA15E0231D87CF1900176643 /* Inception.h */,
				EA15E0241D87CF6D00176643 /* Inception.m */,
				EA15E00B1D879D4C00176643 /* main.m */,
				EA15E00D1D879D4C00176643 /* AppDelegate.h */,
				EA15E00E1D879D4C00176643 /* AppDelegate.m */,
				EA15E0101D879D4C00176643 /* ViewController.h */,
				EA15E0111D879D4C00176643 /* ViewController.m */,
				EA15E0131D879D4C00176643 /* Main.storyboard */,
				EA15E0161D879D4C00176643 /* Assets.xcassets */,
				EA15E0181D879D4C00176643 /* LaunchScreen.storyboard */,
				EA15E01B1D879D4C00176643 /* Info.plist */,
			);
			path = RunLoopInspection;
			sourceTree = "<group>";
		};
/* End PBXGroup section */

/* Begin PBXNativeTarget section */
		EA15E0061D879D4C00176643 /* RunLoopInspection */ = {
			isa = PBXNativeTarget;
			buildConfigurationList = EA15E01E1D879D4C00176643 /* Build configuration list for PBXNativeTarget "RunLoopInspection" */;
			buildPhases = (
				5270A8E8E6DBEBC9B6DEFAE6 /* [CP] Check Pods Manifest.lock */,
				EA15E0031D879D4C00176643 /* Sources */,
				EA15E0041D879D4C00176643 /* Frameworks */,
				EA15E0051D879D4C00176643 /* Resources */,
				8F4B29E3A3163D59D820278E /* [CP] Embed Pods Frameworks */,
				097228BBCDB0E15762B173C0 /* [CP] Copy Pods Resources */,
			);
			buildRules = (
			);
			dependencies = (
			);
			name = RunLoopInspection;
			productName = RunLoopInspection;
			productReference = EA15E0071D879D4C00176643 /* RunLoopInspection.app */;
			productType = "com.apple.product-type.application";
		};
/* End PBXNativeTarget section */

/* Begin PBXProject section */
		EA15DFFF1D879D4C00176643 /* Project object */ = {
			isa = PBXProject;
			attributes = {
				LastUpgradeCheck = 0800;
				ORGANIZATIONNAME = TCTONY;
				TargetAttributes = {
					EA15E0061D879D4C00176643 = {
						CreatedOnToolsVersion = 8.0;
						DevelopmentTeam = NSWMLDGCEZ;
						ProvisioningStyle = Automatic;
					};
				};
			};
			buildConfigurationList = EA15E0021D879D4C00176643 /* Build configuration list for PBXProject "RunLoopInspection" */;
			compatibilityVersion = "Xcode 3.2";
			developmentRegion = English;
			hasScannedForEncodings = 0;
			knownRegions = (
				en,
				Base,
			);
			mainGroup = EA15DFFE1D879D4C00176643;
			productRefGroup = EA15E0081D879D4C00176643 /* Products */;
			projectDirPath = "";
			projectRoot = "";
			targets = (
				EA15E0061D879D4C00176643 /* RunLoopInspection */,
			);
		};
/* End PBXProject section */

/* Begin PBXResourcesBuildPhase section */
		EA15E0051D879D4C00176643 /* Resources */ = {
			isa = PBXResourcesBuildPhase;
			buildActionMask = 2147483647;
			files = (
				EA15E01A1D879D4C00176643 /* LaunchScreen.storyboard in Resources */,
				EA15E0171D879D4C00176643 /* Assets.xcassets in Resources */,
				EA15E0151D879D4C00176643 /* Main.storyboard in Resources */,
			);
			runOnlyForDeploymentPostprocessing = 0;
		};
/* End PBXResourcesBuildPhase section */

/* Begin PBXShellScriptBuildPhase section */
		097228BBCDB0E15762B173C0 /* [CP] Copy Pods Resources */ = {
			isa = PBXShellScriptBuildPhase;
			buildActionMask = 2147483647;
			files = (
			);
			inputPaths = (
			);
			name = "[CP] Copy Pods Resources";
			outputPaths = (
			);
			runOnlyForDeploymentPostprocessing = 0;
			shellPath = /bin/sh;
			shellScript = "\"${SRCROOT}/Pods/Target Support Files/Pods-RunLoopInspection/Pods-RunLoopInspection-resources.sh\"\n";
			showEnvVarsInLog = 0;
		};
		5270A8E8E6DBEBC9B6DEFAE6 /* [CP] Check Pods Manifest.lock */ = {
			isa = PBXShellScriptBuildPhase;
			buildActionMask = 2147483647;
			files = (
			);
			inputPaths = (
			);
			name = "[CP] Check Pods Manifest.lock";
			outputPaths = (
			);
			runOnlyForDeploymentPostprocessing = 0;
			shellPath = /bin/sh;
			shellScript = "diff \"${PODS_ROOT}/../Podfile.lock\" \"${PODS_ROOT}/Manifest.lock\" > /dev/null\nif [[ $? != 0 ]] ; then\n    cat << EOM\nerror: The sandbox is not in sync with the Podfile.lock. Run 'pod install' or update your CocoaPods installation.\nEOM\n    exit 1\nfi\n";
			showEnvVarsInLog = 0;
		};
		8F4B29E3A3163D59D820278E /* [CP] Embed Pods Frameworks */ = {
			isa = PBXShellScriptBuildPhase;
			buildActionMask = 2147483647;
			files = (
			);
			inputPaths = (
			);
			name = "[CP] Embed Pods Frameworks";
			outputPaths = (
			);
			runOnlyForDeploymentPostprocessing = 0;
			shellPath = /bin/sh;
			shellScript = "\"${SRCROOT}/Pods/Target Support Files/Pods-RunLoopInspection/Pods-RunLoopInspection-frameworks.sh\"\n";
			showEnvVarsInLog = 0;
		};
/* End PBXShellScriptBuildPhase section */

/* Begin PBXSourcesBuildPhase section */
		EA15E0031D879D4C00176643 /* Sources */ = {
			isa = PBXSourcesBuildPhase;
			buildActionMask = 2147483647;
			files = (
				EA15E0121D879D4C00176643 /* ViewController.m in Sources */,
				EA15E0251D87CF6D00176643 /* Inception.m in Sources */,
				EA15E00F1D879D4C00176643 /* AppDelegate.m in Sources */,
				EA15E00C1D879D4C00176643 /* main.m in Sources */,
			);
			runOnlyForDeploymentPostprocessing = 0;
		};
/* End PBXSourcesBuildPhase section */

/* Begin PBXVariantGroup section */
		EA15E0131D879D4C00176643 /* Main.storyboard */ = {
			isa = PBXVariantGroup;
			children = (
				EA15E0141D879D4C00176643 /* Base */,
			);
			name = Main.storyboard;
			sourceTree = "<group>";
		};
		EA15E0181D879D4C00176643 /* LaunchScreen.storyboard */ = {
			isa = PBXVariantGroup;
			children = (
				EA15E0191D879D4C00176643 /* Base */,
			);
			name = LaunchScreen.storyboard;
			sourceTree = "<group>";
		};
/* End PBXVariantGroup section */

/* Begin XCBuildConfiguration section */
		EA15E01C1D879D4C00176643 /* Debug */ = {
			isa = XCBuildConfiguration;
			buildSettings = {
				ALWAYS_SEARCH_USER_PATHS = NO;
				CLANG_ANALYZER_NONNULL = YES;
				CLANG_CXX_LANGUAGE_STANDARD = "gnu++0x";
				CLANG_CXX_LIBRARY = "libc++";
				CLANG_ENABLE_MODULES = YES;
				CLANG_ENABLE_OBJC_ARC = YES;
				CLANG_WARN_BOOL_CONVERSION = YES;
				CLANG_WARN_CONSTANT_CONVERSION = YES;
				CLANG_WARN_DIRECT_OBJC_ISA_USAGE = YES_ERROR;
				CLANG_WARN_DOCUMENTATION_COMMENTS = YES;
				CLANG_WARN_EMPTY_BODY = YES;
				CLANG_WARN_ENUM_CONVERSION = YES;
				CLANG_WARN_INFINITE_RECURSION = YES;
				CLANG_WARN_INT_CONVERSION = YES;
				CLANG_WARN_OBJC_ROOT_CLASS = YES_ERROR;
				CLANG_WARN_SUSPICIOUS_MOVE = YES;
				CLANG_WARN_SUSPICIOUS_MOVES = YES;
				CLANG_WARN_UNREACHABLE_CODE = YES;
				CLANG_WARN__DUPLICATE_METHOD_MATCH = YES;
				"CODE_SIGN_IDENTITY[sdk=iphoneos*]" = "iPhone Developer";
				COPY_PHASE_STRIP = NO;
				DEBUG_INFORMATION_FORMAT = dwarf;
				ENABLE_STRICT_OBJC_MSGSEND = YES;
				ENABLE_TESTABILITY = YES;
				GCC_C_LANGUAGE_STANDARD = gnu99;
				GCC_DYNAMIC_NO_PIC = NO;
				GCC_NO_COMMON_BLOCKS = YES;
				GCC_OPTIMIZATION_LEVEL = 0;
				GCC_PREPROCESSOR_DEFINITIONS = (
					"DEBUG=1",
					"$(inherited)",
				);
				GCC_WARN_64_TO_32_BIT_CONVERSION = YES;
				GCC_WARN_ABOUT_RETURN_TYPE = YES_ERROR;
				GCC_WARN_UNDECLARED_SELECTOR = YES;
				GCC_WARN_UNINITIALIZED_AUTOS = YES_AGGRESSIVE;
				GCC_WARN_UNUSED_FUNCTION = YES;
				GCC_WARN_UNUSED_VARIABLE = YES;
				IPHONEOS_DEPLOYMENT_TARGET = 10.0;
				MTL_ENABLE_DEBUG_INFO = YES;
				ONLY_ACTIVE_ARCH = YES;
				SDKROOT = iphoneos;
				TARGETED_DEVICE_FAMILY = "1,2";
			};
			name = Debug;
		};
		EA15E01D1D879D4C00176643 /* Release */ = {
			isa = XCBuildConfiguration;
			buildSettings = {
				ALWAYS_SEARCH_USER_PATHS = NO;
				CLANG_ANALYZER_NONNULL = YES;
				CLANG_CXX_LANGUAGE_STANDARD = "gnu++0x";
				CLANG_CXX_LIBRARY = "libc++";
				CLANG_ENABLE_MODULES = YES;
				CLANG_ENABLE_OBJC_ARC = YES;
				CLANG_WARN_BOOL_CONVERSION = YES;
				CLANG_WARN_CONSTANT_CONVERSION = YES;
				CLANG_WARN_DIRECT_OBJC_ISA_USAGE = YES_ERROR;
				CLANG_WARN_DOCUMENTATION_COMMENTS = YES;
				CLANG_WARN_EMPTY_BODY = YES;
				CLANG_WARN_ENUM_CONVERSION = YES;
				CLANG_WARN_INFINITE_RECURSION = YES;
				CLANG_WARN_INT_CONVERSION = YES;
				CLANG_WARN_OBJC_ROOT_CLASS = YES_ERROR;
				CLANG_WARN_SUSPICIOUS_MOVE = YES;
				CLANG_WARN_SUSPICIOUS_MOVES = YES;
				CLANG_WARN_UNREACHABLE_CODE = YES;
				CLANG_WARN__DUPLICATE_METHOD_MATCH = YES;
				"CODE_SIGN_IDENTITY[sdk=iphoneos*]" = "iPhone Developer";
				COPY_PHASE_STRIP = NO;
				DEBUG_INFORMATION_FORMAT = "dwarf-with-dsym";
				ENABLE_NS_ASSERTIONS = NO;
				ENABLE_STRICT_OBJC_MSGSEND = YES;
				GCC_C_LANGUAGE_STANDARD = gnu99;
				GCC_NO_COMMON_BLOCKS = YES;
				GCC_WARN_64_TO_32_BIT_CONVERSION = YES;
				GCC_WARN_ABOUT_RETURN_TYPE = YES_ERROR;
				GCC_WARN_UNDECLARED_SELECTOR = YES;
				GCC_WARN_UNINITIALIZED_AUTOS = YES_AGGRESSIVE;
				GCC_WARN_UNUSED_FUNCTION = YES;
				GCC_WARN_UNUSED_VARIABLE = YES;
				IPHONEOS_DEPLOYMENT_TARGET = 10.0;
				MTL_ENABLE_DEBUG_INFO = NO;
				SDKROOT = iphoneos;
				TARGETED_DEVICE_FAMILY = "1,2";
				VALIDATE_PRODUCT = YES;
			};
			name = Release;
		};
		EA15E01F1D879D4C00176643 /* Debug */ = {
			isa = XCBuildConfiguration;
			baseConfigurationReference = B96DD30A5943A858AE5FB3A7 /* Pods-RunLoopInspection.debug.xcconfig */;
			buildSettings = {
				ASSETCATALOG_COMPILER_APPICON_NAME = AppIcon;
				DEVELOPMENT_TEAM = NSWMLDGCEZ;
				INFOPLIST_FILE = RunLoopInspection/Info.plist;
				LD_RUNPATH_SEARCH_PATHS = "$(inherited) @executable_path/Frameworks";
				PRODUCT_BUNDLE_IDENTIFIER = xyz.tctony.RunLoopInspection;
				PRODUCT_NAME = "$(TARGET_NAME)";
			};
			name = Debug;
		};
		EA15E0201D879D4C00176643 /* Release */ = {
			isa = XCBuildConfiguration;
			baseConfigurationReference = 104521E21A6DA747C92BF492 /* Pods-RunLoopInspection.release.xcconfig */;
			buildSettings = {
				ASSETCATALOG_COMPILER_APPICON_NAME = AppIcon;
				DEVELOPMENT_TEAM = NSWMLDGCEZ;
				INFOPLIST_FILE = RunLoopInspection/Info.plist;
				LD_RUNPATH_SEARCH_PATHS = "$(inherited) @executable_path/Frameworks";
				PRODUCT_BUNDLE_IDENTIFIER = xyz.tctony.RunLoopInspection;
				PRODUCT_NAME = "$(TARGET_NAME)";
			};
			name = Release;
		};
/* End XCBuildConfiguration section */

/* Begin XCConfigurationList section */
		EA15E0021D879D4C00176643 /* Build configuration list for PBXProject "RunLoopInspection" */ = {
			isa = XCConfigurationList;
			buildConfigurations = (
				EA15E01C1D879D4C00176643 /* Debug */,
				EA15E01D1D879D4C00176643 /* Release */,
			);
			defaultConfigurationIsVisible = 0;
			defaultConfigurationName = Release;
		};
		EA15E01E1D879D4C00176643 /* Build configuration list for PBXNativeTarget "RunLoopInspection" */ = {
			isa = XCConfigurationList;
			buildConfigurations = (
				EA15E01F1D879D4C00176643 /* Debug */,
				EA15E0201D879D4C00176643 /* Release */,
			);
			defaultConfigurationIsVisible = 0;
			defaultConfigurationName = Release;
		};
/* End XCConfigurationList section */
	};
	rootObject = EA15DFFF1D879D4C00176643 /* Project object */;
}
